
Microsoft Visual Studio Solution File, Format Version 12.00
# Visual Studio Version 16
VisualStudioVersion = 16.0.28803.202
MinimumVisualStudioVersion = 10.0.40219.1
Project("{8BC9CEB8-8B4A-11D0-8D11-00A0C91BC942}") = "Genshin-Cheetos", "Genshin-Cheetos.vcxproj", "{C879930E-6867-4A29-AF44-6625490FC549}"
EndProject
Global
	GlobalSection(SolutionConfigurationPlatforms) = preSolution
		Debug|x64 = Debug|x64
		Release|x64 = Release|x64
	EndGlobalSection
	GlobalSection(ProjectConfigurationPlatforms) = postSolution
		{C879930E-6867-4A29-AF44-6625490FC549}.Debug|x64.ActiveCfg = Debug|x64
		{C879930E-6867-4A29-AF44-6625490FC549}.Debug|x64.Build.0 = Debug|x64
		{C879930E-6867-4A29-AF44-6625490FC549}.Release|x64.ActiveCfg = Release|x64
		{C879930E-6867-4A29-AF44-6625490FC549}.Release|x64.Build.0 = Release|x64
	EndGlobalSection
	GlobalSection(SolutionProperties) = preSolution
		HideSolutionNode = FALSE
	EndGlobalSection
	GlobalSection(ExtensibilityGlobals) = postSolution
		SolutionGuid = {EF2D1A87-E352-493B-9E27-E74CF6F65FE4}
	EndGlobalSection
EndGlobal
